Microsoft Visual Studio Solution File, Format Version 12.00
# Visual Studio Version 17
VisualStudioVersion = 17.5.2.0
MinimumVisualStudioVersion = 10.0.40219.1
Project("{FAE04EC0-301F-11D3-BF4B-00C04F79EFBC}") = "AccountingCLI", "AccountingCLI\AccountingCLI.csproj", "{EBD2B622-9E1D-DF2A-D483-52D1542183DA}"
EndProject
Global
	GlobalSection(SolutionConfigurationPlatforms) = preSolution
		Debug|Any CPU = Debug|Any CPU
		Release|Any CPU = Release|Any CPU
	EndGlobalSection
	GlobalSection(ProjectConfigurationPlatforms) = postSolution
		{EBD2B622-9E1D-DF2A-D483-52D1542183DA}.Debug|Any CPU.ActiveCfg = Debug|Any CPU
		{EBD2B622-9E1D-DF2A-D483-52D1542183DA}.Debug|Any CPU.Build.0 = Debug|Any CPU
		{EBD2B622-9E1D-DF2A-D483-52D1542183DA}.Release|Any CPU.ActiveCfg = Release|Any CPU
		{EBD2B622-9E1D-DF2A-D483-52D1542183DA}.Release|Any CPU.Build.0 = Release|Any CPU
	EndGlobalSection
	GlobalSection(SolutionProperties) = preSolution
		HideSolutionNode = FALSE
	EndGlobalSection
	GlobalSection(ExtensibilityGlobals) = postSolution
		SolutionGuid = {6A156807-DFEF-4AB3-8CA0-056A3476BDA6}
	EndGlobalSection
EndGlobal
